{
  "name": "libphonenumber",
  "lockfileVersion": 2,
  "requires": true,
  "packages": {
    "": {
      "dependencies": {
        "libphonenumber-js": "^1.10.8"
      }
    },
    "node_modules/libphonenumber-js": {
      "version": "1.10.8",
      "resolved": "https://registry.npmjs.org/libphonenumber-js/-/libphonenumber-js-1.10.8.tgz",
      "integrity": "sha512-MGgHrKRGE7sg7y0DikHybRDgTXcYv4HL+WwhDm5UAiChCNb5tcy5OEaU8XTTt5bDBwhZGCJNxoGMVBpZ4RfhIg=="
    }
  },
  "dependencies": {
    "libphonenumber-js": {
      "version": "1.10.8",
      "resolved": "https://registry.npmjs.org/libphonenumber-js/-/libphonenumber-js-1.10.8.tgz",
      "integrity": "sha512-MGgHrKRGE7sg7y0DikHybRDgTXcYv4HL+WwhDm5UAiChCNb5tcy5OEaU8XTTt5bDBwhZGCJNxoGMVBpZ4RfhIg=="
    }
  }
}
